
Microsoft Visual Studio Solution File, Format Version 12.00
# Visual Studio Version 16
VisualStudioVersion = 16.0.29209.62
MinimumVisualStudioVersion = 10.0.40219.1
Project("{FAE04EC0-301F-11D3-BF4B-00C04F79EFBC}") = "Sorting Alogorithms", "Sorting Alogorithms\Sorting Alogorithms.csproj", "{58683F1C-613E-49D2-B1A6-E4FC3FD7DFA9}"
EndProject
Global
	GlobalSection(SolutionConfigurationPlatforms) = preSolution
		Debug|Any CPU = Debug|Any CPU
		Release|Any CPU = Release|Any CPU
	EndGlobalSection
	GlobalSection(ProjectConfigurationPlatforms) = postSolution
		{58683F1C-613E-49D2-B1A6-E4FC3FD7DFA9}.Debug|Any CPU.ActiveCfg = Debug|Any CPU
		{58683F1C-613E-49D2-B1A6-E4FC3FD7DFA9}.Debug|Any CPU.Build.0 = Debug|Any CPU
		{58683F1C-613E-49D2-B1A6-E4FC3FD7DFA9}.Release|Any CPU.ActiveCfg = Release|Any CPU
		{58683F1C-613E-49D2-B1A6-E4FC3FD7DFA9}.Release|Any CPU.Build.0 = Release|Any CPU
	EndGlobalSection
	GlobalSection(SolutionProperties) = preSolution
		HideSolutionNode = FALSE
	EndGlobalSection
	GlobalSection(ExtensibilityGlobals) = postSolution
		SolutionGuid = {DEB1ECA6-6302-4F86-9C37-5EE03BF6F412}
	EndGlobalSection
EndGlobal
